// !$*UTF8*$!
{
	archiveVersion = 1;
	classes = {
	};
	objectVersion = 54;
	objects = {

/* Begin PBXBuildFile section */
		AC477B61293CEA3A0070367C /* DiscoverView.swift in Sources */ = {isa = PBXBuildFile; fileRef = AC477B60293CEA3A0070367C /* DiscoverView.swift */; };
		AC477B63293CEA700070367C /* DiscoverCategoriesView.swift in Sources */ = {isa = PBXBuildFile; fileRef = AC477B62293CEA700070367C /* DiscoverCategoriesView.swift */; };
		AC477B65293CEA910070367C /* PopularDestinationsView.swift in Sources */ = {isa = PBXBuildFile; fileRef = AC477B64293CEA910070367C /* PopularDestinationsView.swift */; };
		AC477B67293CEAB70070367C /* PopularRestaurantsView.swift in Sources */ = {isa = PBXBuildFile; fileRef = AC477B66293CEAB70070367C /* PopularRestaurantsView.swift */; };
		AC477B69293CEACE0070367C /* TrendingCategoriesView.swift in Sources */ = {isa = PBXBuildFile; fileRef = AC477B68293CEACE0070367C /* TrendingCategoriesView.swift */; };
		AC477B6B293CEB170070367C /* Category.swift in Sources */ = {isa = PBXBuildFile; fileRef = AC477B6A293CEB170070367C /* Category.swift */; };
		AC477B6D293CEB2A0070367C /* Destination.swift in Sources */ = {isa = PBXBuildFile; fileRef = AC477B6C293CEB2A0070367C /* Destination.swift */; };
		AC477B6F293CEB3A0070367C /* Restaurant.swift in Sources */ = {isa = PBXBuildFile; fileRef = AC477B6E293CEB3A0070367C /* Restaurant.swift */; };
		AC477B71293CEB4D0070367C /* User.swift in Sources */ = {isa = PBXBuildFile; fileRef = AC477B70293CEB4D0070367C /* User.swift */; };
		AC5979082937A50500A8F65B /* TravelDiscoveryApp.swift in Sources */ = {isa = PBXBuildFile; fileRef = AC5979072937A50500A8F65B /* TravelDiscoveryApp.swift */; };
		AC59790C2937A50600A8F65B /* Assets.xcassets in Resources */ = {isa = PBXBuildFile; fileRef = AC59790B2937A50600A8F65B /* Assets.xcassets */; };
		AC59790F2937A50600A8F65B /* Preview Assets.xcassets in Resources */ = {isa = PBXBuildFile; fileRef = AC59790E2937A50600A8F65B /* Preview Assets.xcassets */; };
/* End PBXBuildFile section */

/* Begin PBXFileReference section */
		AC477B60293CEA3A0070367C /* DiscoverView.swift */ = {isa = PBXFileReference; lastKnownFileType = sourcecode.swift; path = DiscoverView.swift; sourceTree = "<group>"; };
		AC477B62293CEA700070367C /* DiscoverCategoriesView.swift */ = {isa = PBXFileReference; lastKnownFileType = sourcecode.swift; path = DiscoverCategoriesView.swift; sourceTree = "<group>"; };
		AC477B64293CEA910070367C /* PopularDestinationsView.swift */ = {isa = PBXFileReference; lastKnownFileType = sourcecode.swift; path = PopularDestinationsView.swift; sourceTree = "<group>"; };
		AC477B66293CEAB70070367C /* PopularRestaurantsView.swift */ = {isa = PBXFileReference; lastKnownFileType = sourcecode.swift; path = PopularRestaurantsView.swift; sourceTree = "<group>"; };
		AC477B68293CEACE0070367C /* TrendingCategoriesView.swift */ = {isa = PBXFileReference; lastKnownFileType = sourcecode.swift; path = TrendingCategoriesView.swift; sourceTree = "<group>"; };
		AC477B6A293CEB170070367C /* Category.swift */ = {isa = PBXFileReference; lastKnownFileType = sourcecode.swift; path = Category.swift; sourceTree = "<group>"; };
		AC477B6C293CEB2A0070367C /* Destination.swift */ = {isa = PBXFileReference; lastKnownFileType = sourcecode.swift; path = Destination.swift; sourceTree = "<group>"; };
		AC477B6E293CEB3A0070367C /* Restaurant.swift */ = {isa = PBXFileReference; lastKnownFileType = sourcecode.swift; path = Restaurant.swift; sourceTree = "<group>"; };
		AC477B70293CEB4D0070367C /* User.swift */ = {isa = PBXFileReference; lastKnownFileType = sourcecode.swift; path = User.swift; sourceTree = "<group>"; };
		AC5979042937A50500A8F65B /* TravelDiscovery.app */ = {isa = PBXFileReference; explicitFileType = wrapper.application; includeInIndex = 0; path = TravelDiscovery.app; sourceTree = BUILT_PRODUCTS_DIR; };
		AC5979072937A50500A8F65B /* TravelDiscoveryApp.swift */ = {isa = PBXFileReference; lastKnownFileType = sourcecode.swift; path = TravelDiscoveryApp.swift; sourceTree = "<group>"; };
		AC59790B2937A50600A8F65B /* Assets.xcassets */ = {isa = PBXFileReference; lastKnownFileType = folder.assetcatalog; path = Assets.xcassets; sourceTree = "<group>"; };
		AC59790E2937A50600A8F65B /* Preview Assets.xcassets */ = {isa = PBXFileReference; lastKnownFileType = folder.assetcatalog; path = "Preview Assets.xcassets"; sourceTree = "<group>"; };
/* End PBXFileReference section */

/* Begin PBXFrameworksBuildPhase section */
		AC5979012937A50500A8F65B /* Frameworks */ = {
			isa = PBXFrameworksBuildPhase;
			buildActionMask = 2147483647;
			files = (
			);
			runOnlyForDeploymentPostprocessing = 0;
		};
/* End PBXFrameworksBuildPhase section */

/* Begin PBXGroup section */
		AC477B5B293CEA0F0070367C /* Modules */ = {
			isa = PBXGroup;
			children = (
				AC477B5C293CEA160070367C /* DiscoverView */,
			);
			path = Modules;
			sourceTree = "<group>";
		};
		AC477B5C293CEA160070367C /* DiscoverView */ = {
			isa = PBXGroup;
			children = (
				AC477B5F293CEA290070367C /* Model */,
				AC477B5E293CEA240070367C /* ViewModel */,
				AC477B5D293CEA1E0070367C /* View */,
			);
			path = DiscoverView;
			sourceTree = "<group>";
		};
		AC477B5D293CEA1E0070367C /* View */ = {
			isa = PBXGroup;
			children = (
				AC477B60293CEA3A0070367C /* DiscoverView.swift */,
				AC477B62293CEA700070367C /* DiscoverCategoriesView.swift */,
				AC477B64293CEA910070367C /* PopularDestinationsView.swift */,
				AC477B66293CEAB70070367C /* PopularRestaurantsView.swift */,
				AC477B68293CEACE0070367C /* TrendingCategoriesView.swift */,
			);
			path = View;
			sourceTree = "<group>";
		};
		AC477B5E293CEA240070367C /* ViewModel */ = {
			isa = PBXGroup;
			children = (
			);
			path = ViewModel;
			sourceTree = "<group>";
		};
		AC477B5F293CEA290070367C /* Model */ = {
			isa = PBXGroup;
			children = (
				AC477B6A293CEB170070367C /* Category.swift */,
				AC477B6C293CEB2A0070367C /* Destination.swift */,
				AC477B6E293CEB3A0070367C /* Restaurant.swift */,
				AC477B70293CEB4D0070367C /* User.swift */,
			);
			path = Model;
			sourceTree = "<group>";
		};
		AC5978FB2937A50500A8F65B = {
			isa = PBXGroup;
			children = (
				AC5979062937A50500A8F65B /* TravelDiscovery */,
				AC5979052937A50500A8F65B /* Products */,
			);
			sourceTree = "<group>";
		};
		AC5979052937A50500A8F65B /* Products */ = {
			isa = PBXGroup;
			children = (
				AC5979042937A50500A8F65B /* TravelDiscovery.app */,
			);
			name = Products;
			sourceTree = "<group>";
		};
		AC5979062937A50500A8F65B /* TravelDiscovery */ = {
			isa = PBXGroup;
			children = (
				AC5979072937A50500A8F65B /* TravelDiscoveryApp.swift */,
				AC477B5B293CEA0F0070367C /* Modules */,
				AC59790B2937A50600A8F65B /* Assets.xcassets */,
				AC59790D2937A50600A8F65B /* Preview Content */,
			);
			path = TravelDiscovery;
			sourceTree = "<group>";
		};
		AC59790D2937A50600A8F65B /* Preview Content */ = {
			isa = PBXGroup;
			children = (
				AC59790E2937A50600A8F65B /* Preview Assets.xcassets */,
			);
			path = "Preview Content";
			sourceTree = "<group>";
		};
/* End PBXGroup section */

/* Begin PBXNativeTarget section */
		AC5979032937A50500A8F65B /* TravelDiscovery */ = {
			isa = PBXNativeTarget;
			buildConfigurationList = AC5979122937A50600A8F65B /* Build configuration list for PBXNativeTarget "TravelDiscovery" */;
			buildPhases = (
				AC5979002937A50500A8F65B /* Sources */,
				AC5979012937A50500A8F65B /* Frameworks */,
				AC5979022937A50500A8F65B /* Resources */,
			);
			buildRules = (
			);
			dependencies = (
			);
			name = TravelDiscovery;
			productName = TravelDiscovery;
			productReference = AC5979042937A50500A8F65B /* TravelDiscovery.app */;
			productType = "com.apple.product-type.application";
		};
/* End PBXNativeTarget section */

/* Begin PBXProject section */
		AC5978FC2937A50500A8F65B /* Project object */ = {
			isa = PBXProject;
			attributes = {
				BuildIndependentTargetsInParallel = 1;
				LastSwiftUpdateCheck = 1410;
				LastUpgradeCheck = 1410;
				TargetAttributes = {
					AC5979032937A50500A8F65B = {
						CreatedOnToolsVersion = 14.1;
					};
				};
			};
			buildConfigurationList = AC5978FF2937A50500A8F65B /* Build configuration list for PBXProject "TravelDiscovery" */;
			compatibilityVersion = "Xcode 12.0";
			developmentRegion = en;
			hasScannedForEncodings = 0;
			knownRegions = (
				en,
				Base,
			);
			mainGroup = AC5978FB2937A50500A8F65B;
			productRefGroup = AC5979052937A50500A8F65B /* Products */;
			projectDirPath = "";
			projectRoot = "";
			targets = (
				AC5979032937A50500A8F65B /* TravelDiscovery */,
			);
		};
/* End PBXProject section */

/* Begin PBXResourcesBuildPhase section */
		AC5979022937A50500A8F65B /* Resources */ = {
			isa = PBXResourcesBuildPhase;
			buildActionMask = 2147483647;
			files = (
				AC59790F2937A50600A8F65B /* Preview Assets.xcassets in Resources */,
				AC59790C2937A50600A8F65B /* Assets.xcassets in Resources */,
			);
			runOnlyForDeploymentPostprocessing = 0;
		};
/* End PBXResourcesBuildPhase section */

/* Begin PBXSourcesBuildPhase section */
		AC5979002937A50500A8F65B /* Sources */ = {
			isa = PBXSourcesBuildPhase;
			buildActionMask = 2147483647;
			files = (
				AC477B71293CEB4D0070367C /* User.swift in Sources */,
				AC477B67293CEAB70070367C /* PopularRestaurantsView.swift in Sources */,
				AC5979082937A50500A8F65B /* TravelDiscoveryApp.swift in Sources */,
				AC477B6D293CEB2A0070367C /* Destination.swift in Sources */,
				AC477B61293CEA3A0070367C /* DiscoverView.swift in Sources */,
				AC477B6B293CEB170070367C /* Category.swift in Sources */,
				AC477B65293CEA910070367C /* PopularDestinationsView.swift in Sources */,
				AC477B69293CEACE0070367C /* TrendingCategoriesView.swift in Sources */,
				AC477B6F293CEB3A0070367C /* Restaurant.swift in Sources */,
				AC477B63293CEA700070367C /* DiscoverCategoriesView.swift in Sources */,
			);
			runOnlyForDeploymentPostprocessing = 0;
		};
/* End PBXSourcesBuildPhase section */

/* Begin XCBuildConfiguration section */
		AC5979102937A50600A8F65B /* Debug */ = {
			isa = XCBuildConfiguration;
			buildSettings = {
				ALWAYS_SEARCH_USER_PATHS = NO;
				CLANG_ANALYZER_NONNULL = YES;
				CLANG_ANALYZER_NUMBER_OBJECT_CONVERSION = YES_AGGRESSIVE;
				CLANG_CXX_LANGUAGE_STANDARD = "gnu++20";
				CLANG_ENABLE_MODULES = YES;
				CLANG_ENABLE_OBJC_ARC = YES;
				CLANG_ENABLE_OBJC_WEAK = YES;
				CLANG_WARN_BLOCK_CAPTURE_AUTORELEASING = YES;
				CLANG_WARN_BOOL_CONVERSION = YES;
				CLANG_WARN_COMMA = YES;
				CLANG_WARN_CONSTANT_CONVERSION = YES;
				CLANG_WARN_DEPRECATED_OBJC_IMPLEMENTATIONS = YES;
				CLANG_WARN_DIRECT_OBJC_ISA_USAGE = YES_ERROR;
				CLANG_WARN_DOCUMENTATION_COMMENTS = YES;
				CLANG_WARN_EMPTY_BODY = YES;
				CLANG_WARN_ENUM_CONVERSION = YES;
				CLANG_WARN_INFINITE_RECURSION = YES;
				CLANG_WARN_INT_CONVERSION = YES;
				CLANG_WARN_NON_LITERAL_NULL_CONVERSION = YES;
				CLANG_WARN_OBJC_IMPLICIT_RETAIN_SELF = YES;
				CLANG_WARN_OBJC_LITERAL_CONVERSION = YES;
				CLANG_WARN_OBJC_ROOT_CLASS = YES_ERROR;
				CLANG_WARN_QUOTED_INCLUDE_IN_FRAMEWORK_HEADER = YES;
				CLANG_WARN_RANGE_LOOP_ANALYSIS = YES;
				CLANG_WARN_STRICT_PROTOTYPES = YES;
				CLANG_WARN_SUSPICIOUS_MOVE = YES;
				CLANG_WARN_UNGUARDED_AVAILABILITY = YES_AGGRESSIVE;
				CLANG_WARN_UNREACHABLE_CODE = YES;
				CLANG_WARN__DUPLICATE_METHOD_MATCH = YES;
				COPY_PHASE_STRIP = NO;
				DEBUG_INFORMATION_FORMAT = dwarf;
				ENABLE_STRICT_OBJC_MSGSEND = YES;
				ENABLE_TESTABILITY = YES;
				GCC_C_LANGUAGE_STANDARD = gnu11;
				GCC_DYNAMIC_NO_PIC = NO;
				GCC_NO_COMMON_BLOCKS = YES;
				GCC_OPTIMIZATION_LEVEL = 0;
				GCC_PREPROCESSOR_DEFINITIONS = (
					"DEBUG=1",
					"$(inherited)",
				);
				GCC_WARN_64_TO_32_BIT_CONVERSION = YES;
				GCC_WARN_ABOUT_RETURN_TYPE = YES_ERROR;
				GCC_WARN_UNDECLARED_SELECTOR = YES;
				GCC_WARN_UNINITIALIZED_AUTOS = YES_AGGRESSIVE;
				GCC_WARN_UNUSED_FUNCTION = YES;
				GCC_WARN_UNUSED_VARIABLE = YES;
				IPHONEOS_DEPLOYMENT_TARGET = 14.0;
				MTL_ENABLE_DEBUG_INFO = INCLUDE_SOURCE;
				MTL_FAST_MATH = YES;
				ONLY_ACTIVE_ARCH = YES;
				SDKROOT = iphoneos;
				SWIFT_ACTIVE_COMPILATION_CONDITIONS = DEBUG;
				SWIFT_OPTIMIZATION_LEVEL = "-Onone";
			};
			name = Debug;
		};
		AC5979112937A50600A8F65B /* Release */ = {
			isa = XCBuildConfiguration;
			buildSettings = {
				ALWAYS_SEARCH_USER_PATHS = NO;
				CLANG_ANALYZER_NONNULL = YES;
				CLANG_ANALYZER_NUMBER_OBJECT_CONVERSION = YES_AGGRESSIVE;
				CLANG_CXX_LANGUAGE_STANDARD = "gnu++20";
				CLANG_ENABLE_MODULES = YES;
				CLANG_ENABLE_OBJC_ARC = YES;
				CLANG_ENABLE_OBJC_WEAK = YES;
				CLANG_WARN_BLOCK_CAPTURE_AUTORELEASING = YES;
				CLANG_WARN_BOOL_CONVERSION = YES;
				CLANG_WARN_COMMA = YES;
				CLANG_WARN_CONSTANT_CONVERSION = YES;
				CLANG_WARN_DEPRECATED_OBJC_IMPLEMENTATIONS = YES;
				CLANG_WARN_DIRECT_OBJC_ISA_USAGE = YES_ERROR;
				CLANG_WARN_DOCUMENTATION_COMMENTS = YES;
				CLANG_WARN_EMPTY_BODY = YES;
				CLANG_WARN_ENUM_CONVERSION = YES;
				CLANG_WARN_INFINITE_RECURSION = YES;
				CLANG_WARN_INT_CONVERSION = YES;
				CLANG_WARN_NON_LITERAL_NULL_CONVERSION = YES;
				CLANG_WARN_OBJC_IMPLICIT_RETAIN_SELF = YES;
				CLANG_WARN_OBJC_LITERAL_CONVERSION = YES;
				CLANG_WARN_OBJC_ROOT_CLASS = YES_ERROR;
				CLANG_WARN_QUOTED_INCLUDE_IN_FRAMEWORK_HEADER = YES;
				CLANG_WARN_RANGE_LOOP_ANALYSIS = YES;
				CLANG_WARN_STRICT_PROTOTYPES = YES;
				CLANG_WARN_SUSPICIOUS_MOVE = YES;
				CLANG_WARN_UNGUARDED_AVAILABILITY = YES_AGGRESSIVE;
				CLANG_WARN_UNREACHABLE_CODE = YES;
				CLANG_WARN__DUPLICATE_METHOD_MATCH = YES;
				COPY_PHASE_STRIP = NO;
				DEBUG_INFORMATION_FORMAT = "dwarf-with-dsym";
				ENABLE_NS_ASSERTIONS = NO;
				ENABLE_STRICT_OBJC_MSGSEND = YES;
				GCC_C_LANGUAGE_STANDARD = gnu11;
				GCC_NO_COMMON_BLOCKS = YES;
				GCC_WARN_64_TO_32_BIT_CONVERSION = YES;
				GCC_WARN_ABOUT_RETURN_TYPE = YES_ERROR;
				GCC_WARN_UNDECLARED_SELECTOR = YES;
				GCC_WARN_UNINITIALIZED_AUTOS = YES_AGGRESSIVE;
				GCC_WARN_UNUSED_FUNCTION = YES;
				GCC_WARN_UNUSED_VARIABLE = YES;
				IPHONEOS_DEPLOYMENT_TARGET = 14.0;
				MTL_ENABLE_DEBUG_INFO = NO;
				MTL_FAST_MATH = YES;
				SDKROOT = iphoneos;
				SWIFT_COMPILATION_MODE = wholemodule;
				SWIFT_OPTIMIZATION_LEVEL = "-O";
				VALIDATE_PRODUCT = YES;
			};
			name = Release;
		};
		AC5979132937A50600A8F65B /* Debug */ = {
			isa = XCBuildConfiguration;
			buildSettings = {
				ASSETCATALOG_COMPILER_APPICON_NAME = AppIcon;
				ASSETCATALOG_COMPILER_GLOBAL_ACCENT_COLOR_NAME = AccentColor;
				CODE_SIGN_STYLE = Automatic;
				CURRENT_PROJECT_VERSION = 1;
				DEVELOPMENT_ASSET_PATHS = "\"TravelDiscovery/Preview Content\"";
				DEVELOPMENT_TEAM = M4SYRBQBFW;
				ENABLE_PREVIEWS = YES;
				GENERATE_INFOPLIST_FILE = YES;
				INFOPLIST_KEY_CFBundleDisplayName = "Travel Discovery";
				INFOPLIST_KEY_UIApplicationSceneManifest_Generation = YES;
				INFOPLIST_KEY_UIApplicationSupportsIndirectInputEvents = YES;
				INFOPLIST_KEY_UILaunchScreen_Generation = YES;
				INFOPLIST_KEY_UISupportedInterfaceOrientations_iPad = "UIInterfaceOrientationPortrait UIInterfaceOrientationPortraitUpsideDown UIInterfaceOrientationLandscapeLeft UIInterfaceOrientationLandscapeRight";
				INFOPLIST_KEY_UISupportedInterfaceOrientations_iPhone = "UIInterfaceOrientationPortrait UIInterfaceOrientationLandscapeLeft UIInterfaceOrientationLandscapeRight";
				IPHONEOS_DEPLOYMENT_TARGET = 14.0;
				LD_RUNPATH_SEARCH_PATHS = (
					"$(inherited)",
					"@executable_path/Frameworks",
				);
				MARKETING_VERSION = 1.0;
				PRODUCT_BUNDLE_IDENTIFIER = com.AhmedAmin.TravelDiscovery;
				PRODUCT_NAME = "$(TARGET_NAME)";
				SUPPORTED_PLATFORMS = "iphoneos iphonesimulator";
				SUPPORTS_MACCATALYST = NO;
				SUPPORTS_MAC_DESIGNED_FOR_IPHONE_IPAD = NO;
				SWIFT_EMIT_LOC_STRINGS = YES;
				SWIFT_VERSION = 5.0;
				TARGETED_DEVICE_FAMILY = "1,2";
			};
			name = Debug;
		};
		AC5979142937A50600A8F65B /* Release */ = {
			isa = XCBuildConfiguration;
			buildSettings = {
				ASSETCATALOG_COMPILER_APPICON_NAME = AppIcon;
				ASSETCATALOG_COMPILER_GLOBAL_ACCENT_COLOR_NAME = AccentColor;
				CODE_SIGN_STYLE = Automatic;
				CURRENT_PROJECT_VERSION = 1;
				DEVELOPMENT_ASSET_PATHS = "\"TravelDiscovery/Preview Content\"";
				DEVELOPMENT_TEAM = M4SYRBQBFW;
				ENABLE_PREVIEWS = YES;
				GENERATE_INFOPLIST_FILE = YES;
				INFOPLIST_KEY_CFBundleDisplayName = "Travel Discovery";
				INFOPLIST_KEY_UIApplicationSceneManifest_Generation = YES;
				INFOPLIST_KEY_UIApplicationSupportsIndirectInputEvents = YES;
				INFOPLIST_KEY_UILaunchScreen_Generation = YES;
				INFOPLIST_KEY_UISupportedInterfaceOrientations_iPad = "UIInterfaceOrientationPortrait UIInterfaceOrientationPortraitUpsideDown UIInterfaceOrientationLandscapeLeft UIInterfaceOrientationLandscapeRight";
				INFOPLIST_KEY_UISupportedInterfaceOrientations_iPhone = "UIInterfaceOrientationPortrait UIInterfaceOrientationLandscapeLeft UIInterfaceOrientationLandscapeRight";
				IPHONEOS_DEPLOYMENT_TARGET = 14.0;
				LD_RUNPATH_SEARCH_PATHS = (
					"$(inherited)",
					"@executable_path/Frameworks",
				);
				MARKETING_VERSION = 1.0;
				PRODUCT_BUNDLE_IDENTIFIER = com.AhmedAmin.TravelDiscovery;
				PRODUCT_NAME = "$(TARGET_NAME)";
				SUPPORTED_PLATFORMS = "iphoneos iphonesimulator";
				SUPPORTS_MACCATALYST = NO;
				SUPPORTS_MAC_DESIGNED_FOR_IPHONE_IPAD = NO;
				SWIFT_EMIT_LOC_STRINGS = YES;
				SWIFT_VERSION = 5.0;
				TARGETED_DEVICE_FAMILY = "1,2";
			};
			name = Release;
		};
/* End XCBuildConfiguration section */

/* Begin XCConfigurationList section */
		AC5978FF2937A50500A8F65B /* Build configuration list for PBXProject "TravelDiscovery" */ = {
			isa = XCConfigurationList;
			buildConfigurations = (
				AC5979102937A50600A8F65B /* Debug */,
				AC5979112937A50600A8F65B /* Release */,
			);
			defaultConfigurationIsVisible = 0;
			defaultConfigurationName = Release;
		};
		AC5979122937A50600A8F65B /* Build configuration list for PBXNativeTarget "TravelDiscovery" */ = {
			isa = XCConfigurationList;
			buildConfigurations = (
				AC5979132937A50600A8F65B /* Debug */,
				AC5979142937A50600A8F65B /* Release */,
			);
			defaultConfigurationIsVisible = 0;
			defaultConfigurationName = Release;
		};
/* End XCConfigurationList section */
	};
	rootObject = AC5978FC2937A50500A8F65B /* Project object */;
}
